
Microsoft Visual Studio Solution File, Format Version 12.00
# Visual Studio Version 17
VisualStudioVersion = 17.0.31903.59
MinimumVisualStudioVersion = 10.0.40219.1
Project("{FAE04EC0-301F-11D3-BF4B-00C04F79EFBC}") = "appCRM.Data", "appCRM.Data\appCRM.Data.csproj", "{C432DBDD-D092-4C24-B424-724273EC7B57}"
EndProject
Project("{FAE04EC0-301F-11D3-BF4B-00C04F79EFBC}") = "appCRM.Business", "appCRM.Business\appCRM.Business.csproj", "{18C5B4C0-5A39-492A-9C29-13BA2E739D86}"
EndProject
Project("{FAE04EC0-301F-11D3-BF4B-00C04F79EFBC}") = "appCRM.API", "appCRM.API\appCRM.API.csproj", "{148E1FB6-A28D-4C7D-8E7E-6C50224BF909}"
EndProject
Global
	GlobalSection(SolutionConfigurationPlatforms) = preSolution
		Debug|Any CPU = Debug|Any CPU
		Release|Any CPU = Release|Any CPU
	EndGlobalSection
	GlobalSection(SolutionProperties) = preSolution
		HideSolutionNode = FALSE
	EndGlobalSection
	GlobalSection(ProjectConfigurationPlatforms) = postSolution
		{C432DBDD-D092-4C24-B424-724273EC7B57}.Debug|Any CPU.ActiveCfg = Debug|Any CPU
		{C432DBDD-D092-4C24-B424-724273EC7B57}.Debug|Any CPU.Build.0 = Debug|Any CPU
		{C432DBDD-D092-4C24-B424-724273EC7B57}.Release|Any CPU.ActiveCfg = Release|Any CPU
		{C432DBDD-D092-4C24-B424-724273EC7B57}.Release|Any CPU.Build.0 = Release|Any CPU
		{18C5B4C0-5A39-492A-9C29-13BA2E739D86}.Debug|Any CPU.ActiveCfg = Debug|Any CPU
		{18C5B4C0-5A39-492A-9C29-13BA2E739D86}.Debug|Any CPU.Build.0 = Debug|Any CPU
		{18C5B4C0-5A39-492A-9C29-13BA2E739D86}.Release|Any CPU.ActiveCfg = Release|Any CPU
		{18C5B4C0-5A39-492A-9C29-13BA2E739D86}.Release|Any CPU.Build.0 = Release|Any CPU
		{148E1FB6-A28D-4C7D-8E7E-6C50224BF909}.Debug|Any CPU.ActiveCfg = Debug|Any CPU
		{148E1FB6-A28D-4C7D-8E7E-6C50224BF909}.Debug|Any CPU.Build.0 = Debug|Any CPU
		{148E1FB6-A28D-4C7D-8E7E-6C50224BF909}.Release|Any CPU.ActiveCfg = Release|Any CPU
		{148E1FB6-A28D-4C7D-8E7E-6C50224BF909}.Release|Any CPU.Build.0 = Release|Any CPU
	EndGlobalSection
EndGlobal
